
Microsoft Visual Studio Solution File, Format Version 12.00
# Visual Studio Version 17
VisualStudioVersion = 17.2.32616.157
MinimumVisualStudioVersion = 10.0.40219.1
Project("{FAE04EC0-301F-11D3-BF4B-00C04F79EFBC}") = "JwtWebApiTutorial", "JwtWebApiTutorial\JwtWebApiTutorial.csproj", "{38B00535-2CBE-4201-9C66-4D672670A240}"
EndProject
Global
	GlobalSection(SolutionConfigurationPlatforms) = preSolution
		Debug|Any CPU = Debug|Any CPU
		Release|Any CPU = Release|Any CPU
	EndGlobalSection
	GlobalSection(ProjectConfigurationPlatforms) = postSolution
		{38B00535-2CBE-4201-9C66-4D672670A240}.Debug|Any CPU.ActiveCfg = Debug|Any CPU
		{38B00535-2CBE-4201-9C66-4D672670A240}.Debug|Any CPU.Build.0 = Debug|Any CPU
		{38B00535-2CBE-4201-9C66-4D672670A240}.Release|Any CPU.ActiveCfg = Release|Any CPU
		{38B00535-2CBE-4201-9C66-4D672670A240}.Release|Any CPU.Build.0 = Release|Any CPU
	EndGlobalSection
	GlobalSection(SolutionProperties) = preSolution
		HideSolutionNode = FALSE
	EndGlobalSection
	GlobalSection(ExtensibilityGlobals) = postSolution
		SolutionGuid = {2C99A236-5D44-4C27-9140-E0A79D2683CD}
	EndGlobalSection
EndGlobal
